
Microsoft Visual Studio Solution File, Format Version 12.00
# Visual Studio Version 17
VisualStudioVersion = 17.14.36310.24 d17.14
MinimumVisualStudioVersion = 10.0.40219.1
Project("{FAE04EC0-301F-11D3-BF4B-00C04F79EFBC}") = "Controller Test Harness", "Controller Test Harness.csproj", "{4379951A-F036-4FA0-ABDA-B96414E624CA}"
EndProject
Global
	GlobalSection(SolutionConfigurationPlatforms) = preSolution
		Debug|Any CPU = Debug|Any CPU
		Release|Any CPU = Release|Any CPU
	EndGlobalSection
	GlobalSection(ProjectConfigurationPlatforms) = postSolution
		{4379951A-F036-4FA0-ABDA-B96414E624CA}.Debug|Any CPU.ActiveCfg = Debug|Any CPU
		{4379951A-F036-4FA0-ABDA-B96414E624CA}.Debug|Any CPU.Build.0 = Debug|Any CPU
		{4379951A-F036-4FA0-ABDA-B96414E624CA}.Release|Any CPU.ActiveCfg = Release|Any CPU
		{4379951A-F036-4FA0-ABDA-B96414E624CA}.Release|Any CPU.Build.0 = Release|Any CPU
	EndGlobalSection
	GlobalSection(SolutionProperties) = preSolution
		HideSolutionNode = FALSE
	EndGlobalSection
	GlobalSection(ExtensibilityGlobals) = postSolution
		SolutionGuid = {198F7328-F9F6-4A0E-9973-E8F8F6263440}
	EndGlobalSection
EndGlobal
